
Microsoft Visual Studio Solution File, Format Version 12.00
Project("{FAE04EC0-301F-11D3-BF4B-00C04F79EFBC}") = "ChordBook.Api", "ChordBook.Api\ChordBook.Api.csproj", "{11E6160C-2F27-4569-8379-DF1E92F23443}"
EndProject
Global
	GlobalSection(SolutionConfigurationPlatforms) = preSolution
		Debug|Any CPU = Debug|Any CPU
		Release|Any CPU = Release|Any CPU
	EndGlobalSection
	GlobalSection(ProjectConfigurationPlatforms) = postSolution
		{11E6160C-2F27-4569-8379-DF1E92F23443}.Debug|Any CPU.ActiveCfg = Debug|Any CPU
		{11E6160C-2F27-4569-8379-DF1E92F23443}.Debug|Any CPU.Build.0 = Debug|Any CPU
		{11E6160C-2F27-4569-8379-DF1E92F23443}.Release|Any CPU.ActiveCfg = Release|Any CPU
		{11E6160C-2F27-4569-8379-DF1E92F23443}.Release|Any CPU.Build.0 = Release|Any CPU
	EndGlobalSection
EndGlobal
